
Microsoft Visual Studio Solution File, Format Version 12.00
# Visual Studio Version 17
VisualStudioVersion = 17.8.34330.188
MinimumVisualStudioVersion = 10.0.40219.1
Project("{FAE04EC0-301F-11D3-BF4B-00C04F79EFBC}") = "sttb.WebAPI", "sttb.WebAPI\sttb.WebAPI.csproj", "{A3B4C5D6-E7F8-4901-BCDE-F01234567890}"
EndProject
Project("{FAE04EC0-301F-11D3-BF4B-00C04F79EFBC}") = "sttb.Commons", "sttb.Commons\sttb.Commons.csproj", "{B4C5D6E7-F809-4A12-CDEF-012345678901}"
EndProject
Project("{FAE04EC0-301F-11D3-BF4B-00C04F79EFBC}") = "sttb.Contracts", "sttb.Contracts\sttb.Contracts.csproj", "{C5D6E7F8-091A-4B23-DEF0-123456789012}"
EndProject
Project("{FAE04EC0-301F-11D3-BF4B-00C04F79EFBC}") = "sttb.Entities", "sttb.Entities\sttb.Entities.csproj", "{D6E7F809-1A2B-4C34-EF01-234567890123}"
EndProject
Project("{FAE04EC0-301F-11D3-BF4B-00C04F79EFBC}") = "sttb.Infrastructure", "sttb.Infrastructure\sttb.Infrastructure.csproj", "{E7F80912-2B3C-4D45-F012-345678901234}"
EndProject
Global
	GlobalSection(SolutionConfigurationPlatforms) = preSolution
		Debug|Any CPU = Debug|Any CPU
		Release|Any CPU = Release|Any CPU
	EndGlobalSection
	GlobalSection(ProjectConfigurationPlatforms) = postSolution
		{A3B4C5D6-E7F8-4901-BCDE-F01234567890}.Debug|Any CPU.ActiveCfg = Debug|Any CPU
		{A3B4C5D6-E7F8-4901-BCDE-F01234567890}.Debug|Any CPU.Build.0 = Debug|Any CPU
		{A3B4C5D6-E7F8-4901-BCDE-F01234567890}.Release|Any CPU.ActiveCfg = Release|Any CPU
		{A3B4C5D6-E7F8-4901-BCDE-F01234567890}.Release|Any CPU.Build.0 = Release|Any CPU
		{B4C5D6E7-F809-4A12-CDEF-012345678901}.Debug|Any CPU.ActiveCfg = Debug|Any CPU
		{B4C5D6E7-F809-4A12-CDEF-012345678901}.Debug|Any CPU.Build.0 = Debug|Any CPU
		{B4C5D6E7-F809-4A12-CDEF-012345678901}.Release|Any CPU.ActiveCfg = Release|Any CPU
		{B4C5D6E7-F809-4A12-CDEF-012345678901}.Release|Any CPU.Build.0 = Release|Any CPU
		{C5D6E7F8-091A-4B23-DEF0-123456789012}.Debug|Any CPU.ActiveCfg = Debug|Any CPU
		{C5D6E7F8-091A-4B23-DEF0-123456789012}.Debug|Any CPU.Build.0 = Debug|Any CPU
		{C5D6E7F8-091A-4B23-DEF0-123456789012}.Release|Any CPU.ActiveCfg = Release|Any CPU
		{C5D6E7F8-091A-4B23-DEF0-123456789012}.Release|Any CPU.Build.0 = Release|Any CPU
		{D6E7F809-1A2B-4C34-EF01-234567890123}.Debug|Any CPU.ActiveCfg = Debug|Any CPU
		{D6E7F809-1A2B-4C34-EF01-234567890123}.Debug|Any CPU.Build.0 = Debug|Any CPU
		{D6E7F809-1A2B-4C34-EF01-234567890123}.Release|Any CPU.ActiveCfg = Release|Any CPU
		{D6E7F809-1A2B-4C34-EF01-234567890123}.Release|Any CPU.Build.0 = Release|Any CPU
		{E7F80912-2B3C-4D45-F012-345678901234}.Debug|Any CPU.ActiveCfg = Debug|Any CPU
		{E7F80912-2B3C-4D45-F012-345678901234}.Debug|Any CPU.Build.0 = Debug|Any CPU
		{E7F80912-2B3C-4D45-F012-345678901234}.Release|Any CPU.ActiveCfg = Release|Any CPU
		{E7F80912-2B3C-4D45-F012-345678901234}.Release|Any CPU.Build.0 = Release|Any CPU
	EndGlobalSection
EndGlobal
